
Microsoft Visual Studio Solution File, Format Version 12.00
# Visual Studio Version 17
VisualStudioVersion = 17.1.32120.378
MinimumVisualStudioVersion = 10.0.40219.1
Project("{9A19103F-16F7-4668-BE54-9A1E7A4F7556}") = "BlazorEcommerce.Server", "BlazorEcommerce\Server\BlazorEcommerce.Server.csproj", "{372DE4AD-9457-45EA-ABCC-C85BB33A2371}"
EndProject
Project("{9A19103F-16F7-4668-BE54-9A1E7A4F7556}") = "BlazorEcommerce.Client", "BlazorEcommerce\Client\BlazorEcommerce.Client.csproj", "{FE76FD9D-38DE-434D-820D-27D106A7529B}"
EndProject
Project("{9A19103F-16F7-4668-BE54-9A1E7A4F7556}") = "BlazorEcommerce.Shared", "BlazorEcommerce\Shared\BlazorEcommerce.Shared.csproj", "{F2BC2C50-7433-4345-9CEA-D58097BEE68D}"
EndProject
Global
	GlobalSection(SolutionConfigurationPlatforms) = preSolution
		Debug|Any CPU = Debug|Any CPU
		Release|Any CPU = Release|Any CPU
	EndGlobalSection
	GlobalSection(ProjectConfigurationPlatforms) = postSolution
		{372DE4AD-9457-45EA-ABCC-C85BB33A2371}.Debug|Any CPU.ActiveCfg = Debug|Any CPU
		{372DE4AD-9457-45EA-ABCC-C85BB33A2371}.Debug|Any CPU.Build.0 = Debug|Any CPU
		{372DE4AD-9457-45EA-ABCC-C85BB33A2371}.Release|Any CPU.ActiveCfg = Release|Any CPU
		{372DE4AD-9457-45EA-ABCC-C85BB33A2371}.Release|Any CPU.Build.0 = Release|Any CPU
		{FE76FD9D-38DE-434D-820D-27D106A7529B}.Debug|Any CPU.ActiveCfg = Debug|Any CPU
		{FE76FD9D-38DE-434D-820D-27D106A7529B}.Debug|Any CPU.Build.0 = Debug|Any CPU
		{FE76FD9D-38DE-434D-820D-27D106A7529B}.Release|Any CPU.ActiveCfg = Release|Any CPU
		{FE76FD9D-38DE-434D-820D-27D106A7529B}.Release|Any CPU.Build.0 = Release|Any CPU
		{F2BC2C50-7433-4345-9CEA-D58097BEE68D}.Debug|Any CPU.ActiveCfg = Debug|Any CPU
		{F2BC2C50-7433-4345-9CEA-D58097BEE68D}.Debug|Any CPU.Build.0 = Debug|Any CPU
		{F2BC2C50-7433-4345-9CEA-D58097BEE68D}.Release|Any CPU.ActiveCfg = Release|Any CPU
		{F2BC2C50-7433-4345-9CEA-D58097BEE68D}.Release|Any CPU.Build.0 = Release|Any CPU
	EndGlobalSection
	GlobalSection(SolutionProperties) = preSolution
		HideSolutionNode = FALSE
	EndGlobalSection
	GlobalSection(ExtensibilityGlobals) = postSolution
		SolutionGuid = {1D2B1C37-B044-4902-9C1E-9D51BBD1586F}
	EndGlobalSection
EndGlobal
